PODS:
  - Capacitor (5.0.4):
    - CapacitorCordova
  - CapacitorApp (5.0.2):
    - Capacitor
  - CapacitorCamera (5.0.2):
    - Capacitor
  - CapacitorCommunityBackgroundGeolocation (0.0.1):
    - Capacitor
  - CapacitorCordova (5.0.4)
  - CapacitorDevice (5.0.4):
    - Capacitor
  - CapacitorDialog (5.0.2):
    - Capacitor
  - CapacitorHaptics (5.0.2):
    - Capacitor
  - CapacitorKeyboard (5.0.2):
    - Capacitor
  - CapacitorNativeSettings (5.0.0):
    - Capacitor
  - CapacitorStatusBar (5.0.2):
    - Capacitor
  - CapacitorVoiceRecorder (5.0.0):
    - Capacitor
  - CapgoCapacitorShake (5.0.4):
    - Capacitor
  - CordovaPluginsStatic (5.0.4):
    - CapacitorCordova
    - OneSignalXCFramework (= 3.12.4)
  - OneSignalXCFramework (3.12.4):
    - OneSignalXCFramework/OneSignalCore (= 3.12.4)
    - OneSignalXCFramework/OneSignalExtension (= 3.12.4)
    - OneSignalXCFramework/OneSignalOutcomes (= 3.12.4)
  - OneSignalXCFramework/OneSignalCore (3.12.4)
  - OneSignalXCFramework/OneSignalExtension (3.12.4):
    - OneSignalXCFramework/OneSignalCore
    - OneSignalXCFramework/OneSignalOutcomes
  - OneSignalXCFramework/OneSignalOutcomes (3.12.4):
    - OneSignalXCFramework/OneSignalCore

DEPENDENCIES:
  - "Capacitor (from `../../../node_modules/.pnpm/@capacitor+ios@5.0.4_@capacitor+core@5.0.4/node_modules/@capacitor/ios`)"
  - "CapacitorApp (from `../../../node_modules/.pnpm/@capacitor+app@5.0.2_@capacitor+core@5.0.4/node_modules/@capacitor/app`)"
  - "CapacitorCamera (from `../../../node_modules/.pnpm/@capacitor+camera@5.0.2_@capacitor+core@5.0.4/node_modules/@capacitor/camera`)"
  - "CapacitorCommunityBackgroundGeolocation (from `../../../node_modules/.pnpm/@capacitor-community+background-geolocation@1.2.14_@capacitor+core@5.0.4/node_modules/@capacitor-community/background-geolocation`)"
  - "CapacitorCordova (from `../../../node_modules/.pnpm/@capacitor+ios@5.0.4_@capacitor+core@5.0.4/node_modules/@capacitor/ios`)"
  - "CapacitorDevice (from `../../../node_modules/.pnpm/@capacitor+device@5.0.4_@capacitor+core@5.0.4/node_modules/@capacitor/device`)"
  - "CapacitorDialog (from `../../../node_modules/.pnpm/@capacitor+dialog@5.0.2_@capacitor+core@5.0.4/node_modules/@capacitor/dialog`)"
  - "CapacitorHaptics (from `../../../node_modules/.pnpm/@capacitor+haptics@5.0.2_@capacitor+core@5.0.4/node_modules/@capacitor/haptics`)"
  - "CapacitorKeyboard (from `../../../node_modules/.pnpm/@capacitor+keyboard@5.0.2_@capacitor+core@5.0.4/node_modules/@capacitor/keyboard`)"
  - "CapacitorNativeSettings (from `../../../node_modules/.pnpm/capacitor-native-settings@5.0.0_@capacitor+core@5.0.4/node_modules/capacitor-native-settings`)"
  - "CapacitorStatusBar (from `../../../node_modules/.pnpm/@capacitor+status-bar@5.0.2_@capacitor+core@5.0.4/node_modules/@capacitor/status-bar`)"
  - "CapacitorVoiceRecorder (from `../../../node_modules/.pnpm/capacitor-voice-recorder@5.0.0_@capacitor+core@5.0.4/node_modules/capacitor-voice-recorder`)"
  - "CapgoCapacitorShake (from `../../../node_modules/.pnpm/@capgo+capacitor-shake@5.0.4_@capacitor+core@5.0.4/node_modules/@capgo/capacitor-shake`)"
  - CordovaPluginsStatic (from `../capacitor-cordova-ios-plugins`)

SPEC REPOS:
  trunk:
    - OneSignalXCFramework

EXTERNAL SOURCES:
  Capacitor:
    :path: "../../../node_modules/.pnpm/@capacitor+ios@5.0.4_@capacitor+core@5.0.4/node_modules/@capacitor/ios"
  CapacitorApp:
    :path: "../../../node_modules/.pnpm/@capacitor+app@5.0.2_@capacitor+core@5.0.4/node_modules/@capacitor/app"
  CapacitorCamera:
    :path: "../../../node_modules/.pnpm/@capacitor+camera@5.0.2_@capacitor+core@5.0.4/node_modules/@capacitor/camera"
  CapacitorCommunityBackgroundGeolocation:
    :path: "../../../node_modules/.pnpm/@capacitor-community+background-geolocation@1.2.14_@capacitor+core@5.0.4/node_modules/@capacitor-community/background-geolocation"
  CapacitorCordova:
    :path: "../../../node_modules/.pnpm/@capacitor+ios@5.0.4_@capacitor+core@5.0.4/node_modules/@capacitor/ios"
  CapacitorDevice:
    :path: "../../../node_modules/.pnpm/@capacitor+device@5.0.4_@capacitor+core@5.0.4/node_modules/@capacitor/device"
  CapacitorDialog:
    :path: "../../../node_modules/.pnpm/@capacitor+dialog@5.0.2_@capacitor+core@5.0.4/node_modules/@capacitor/dialog"
  CapacitorHaptics:
    :path: "../../../node_modules/.pnpm/@capacitor+haptics@5.0.2_@capacitor+core@5.0.4/node_modules/@capacitor/haptics"
  CapacitorKeyboard:
    :path: "../../../node_modules/.pnpm/@capacitor+keyboard@5.0.2_@capacitor+core@5.0.4/node_modules/@capacitor/keyboard"
  CapacitorNativeSettings:
    :path: "../../../node_modules/.pnpm/capacitor-native-settings@5.0.0_@capacitor+core@5.0.4/node_modules/capacitor-native-settings"
  CapacitorStatusBar:
    :path: "../../../node_modules/.pnpm/@capacitor+status-bar@5.0.2_@capacitor+core@5.0.4/node_modules/@capacitor/status-bar"
  CapacitorVoiceRecorder:
    :path: "../../../node_modules/.pnpm/capacitor-voice-recorder@5.0.0_@capacitor+core@5.0.4/node_modules/capacitor-voice-recorder"
  CapgoCapacitorShake:
    :path: "../../../node_modules/.pnpm/@capgo+capacitor-shake@5.0.4_@capacitor+core@5.0.4/node_modules/@capgo/capacitor-shake"
  CordovaPluginsStatic:
    :path: "../capacitor-cordova-ios-plugins"

SPEC CHECKSUMS:
  Capacitor: d3d4463573438b9fa65326d1f3549da6f4c21634
  CapacitorApp: 28fef1fd75b2b3686e875216806fb8416d421097
  CapacitorCamera: 15face5f9e030e480929a2c989deaaf3eb0d3947
  CapacitorCommunityBackgroundGeolocation: 6f26f4290377dbd1d6dec21e62cb66f008f61ec7
  CapacitorCordova: b1fe6bf1f36974a8e4a9044b342d22d49c0996d6
  CapacitorDevice: eb4b5e3b42ac35d2527f20aad296b59e0785dc8d
  CapacitorDialog: 01c49f7f4b37e7ad59e38fd317a6e5f006f23cdc
  CapacitorHaptics: 864585542a435bd41eaabf7f30d9ff5ec03024d3
  CapacitorKeyboard: e628d4e66d621c69e449945ebabded17c5b9c2e8
  CapacitorNativeSettings: 1bfca11cd2d3920ad0e319d6e4d81a99fc53255f
  CapacitorStatusBar: 48f2899f6846cc7d8431b251ebfc58e1c10e3d58
  CapacitorVoiceRecorder: 872ea857b497ce2c71afe3e4eb5de0a74290c0db
  CapgoCapacitorShake: 684d11d3278038bd7de2f478b7fb08001418a120
  CordovaPluginsStatic: af99904c0243da8af971650a0657125ae1d9688d
  OneSignalXCFramework: 087934ab0d4d7445fcf1c015c7c782359e26c020

PODFILE CHECKSUM: c1d0a4b6a7f44f1b637e76e338415b9e558ea8eb

COCOAPODS: 1.12.0
